version = 1
revision = 3
requires-python = ">=3.14"

[[package]]
name = "minify-html"
version = "0.18.1"
source = { registry = "https://pypi.org/simple" }
sdist = { url = "https://files.pythonhosted.org/packages/77/b7/83dc18bef0cd6f4268d1a63dd682730d3c1150d77a973a34c8de63610bdc/minify_html-0.18.1.tar.gz", hash = "sha256:43998530ef537701f003a8e908b756d78eff303c86b041a95855e290518ba79c", size = 96577, upload-time = "2025-10-25T22:27:18.801Z" }
wheels = [
    { url = "https://files.pythonhosted.org/packages/91/a4/61b966701e1d5fb06a7564d17ac53cc5990b083649748a249833e73d3d6a/minify_html-0.18.1-cp314-cp314-macosx_10_12_x86_64.whl", hash = "sha256:e34af8574ed701555561fcc29d14ff6e8969df5281d51b62cdf556ca0ca7a56e", size = 3061250, upload-time = "2025-10-25T23:04:30.374Z" },
    { url = "https://files.pythonhosted.org/packages/40/14/ee02ac4f89afa8b888d5fe36c2f6261831b0bb191d3579b68286a9ef6364/minify_html-0.18.1-cp314-cp314-macosx_11_0_arm64.whl", hash = "sha256:e93301610f6c78ff83cf9d556d779ed4dee1c8aadf45a12dc4b40cebbe477a2e", size = 2828096, upload-time = "2025-10-25T22:55:15.804Z" },
    { url = "https://files.pythonhosted.org/packages/5a/d9/5e34d74abadf89e40caf5f06e9b52b49d96da1bff437b1f2f05aa454c665/minify_html-0.18.1-cp314-cp314-manylinux_2_17_aarch64.manylinux2014_aarch64.whl", hash = "sha256:0f3f167339638f26af34a56027b24e7e2daa03670b84a1ba661975d6d4536481", size = 2900061, upload-time = "2025-10-25T22:27:53.055Z" },
    { url = "https://files.pythonhosted.org/packages/4d/b9/45023457cd150be87fa6893e4e524929f36a46a1de92b7ce95d40e685e0d/minify_html-0.18.1-cp314-cp314-manylinux_2_17_x86_64.manylinux2014_x86_64.whl", hash = "sha256:e862f89f1493c17fe74d8c7a75bbd480aa7784bbf47ec396d9db4871101f94e4", size = 3082816, upload-time = "2025-10-25T22:27:26.023Z" },
    { url = "https://files.pythonhosted.org/packages/a7/42/c5015b02b5ee8b8194870f3beace2b14ac0e197d754e43f0973a36a3c6df/minify_html-0.18.1-cp314-cp314-musllinux_1_1_aarch64.whl", hash = "sha256:045dd5640e988cc385d350e224e13f609a606a6cf9fa5f5011a1d860d4ebe607", size = 3082224, upload-time = "2025-10-25T22:30:42.538Z" },
    { url = "https://files.pythonhosted.org/packages/6a/04/cf74fd1f980c42068d229e9657415b008b3a65504fb2fa22b09cdf579e88/minify_html-0.18.1-cp314-cp314-musllinux_1_1_x86_64.whl", hash = "sha256:3a11a926b2c236f527d8295b7f6e20c41728bdf870732273e2471e8c693f6109", size = 3327448, upload-time = "2025-10-25T22:30:55.968Z" },
    { url = "https://files.pythonhosted.org/packages/67/22/35ed1e1f733573de2988924bebc7a6e7b37027e37e43e8a3ac35e00fd960/minify_html-0.18.1-cp314-cp314-win_amd64.whl", hash = "sha256:41f46915ce2634dd70138488a96d6b36e8b8cc2c2ee2953d89c525658394500a", size = 3116545, upload-time = "2025-10-25T22:36:25.166Z" },
]

[[package]]
name = "minimal-newtab"
version = "1.4.4"
source = { virtual = "." }

[package.dev-dependencies]
dev = [
    { name = "minify-html" },
    { name = "rcssmin" },
    { name = "rjsmin" },
    { name = "watchdog" },
]

[package.metadata]

[package.metadata.requires-dev]
dev = [
    { name = "minify-html", specifier = ">=0.18.1" },
    { name = "rcssmin", specifier = ">=1.2.2" },
    { name = "rjsmin", specifier = ">=1.2.5" },
    { name = "watchdog", specifier = ">=6.0.0" },
]

[[package]]
name = "rcssmin"
version = "1.2.2"
source = { registry = "https://pypi.org/simple" }
sdist = { url = "https://files.pythonhosted.org/packages/81/af/c9654b4f9b054ec163ed7cb20d8db0e5ae05e2e9ce99a4c11d91a2180b3f/rcssmin-1.2.2.tar.gz", hash = "sha256:806986eaf7414545edc28a1d29523e9560e49e151ff4a337d9d1f0271d6e1cc4", size = 587012, upload-time = "2025-10-12T10:48:08.932Z" }
wheels = [
    { url = "https://files.pythonhosted.org/packages/a0/40/9c4cb3133f6d4ddfbeada76988a10ff2a974706fd6fcbb97edd8c0f4cc76/rcssmin-1.2.2-cp314-cp314-manylinux1_i686.whl", hash = "sha256:540dd3aa586b5f8f4c4b90db37e6a31c04718cdf90dbe9bec43c3b4dd50519e7", size = 49032, upload-time = "2025-10-12T10:48:53.014Z" },
    { url = "https://files.pythonhosted.org/packages/07/84/a411a48fd4179a88c68a2ad3649b408fa7887a421d3435c10ae6f5724e3a/rcssmin-1.2.2-cp314-cp314-manylinux1_x86_64.whl", hash = "sha256:6ea38a38eec263858b70bed6715478dcfed7fbc5d63333a8c512631ee22baad9", size = 49497, upload-time = "2025-10-12T10:48:54.009Z" },
    { url = "https://files.pythonhosted.org/packages/a1/32/5663a71a9304e0c9f33b765264508229d026359cfff746e1d0a593d809ea/rcssmin-1.2.2-cp314-cp314-manylinux2014_aarch64.whl", hash = "sha256:07dc7d352e8eb08de82fc4c545dd04f9f487466c8370051e0bee4eb1e4dc85d0", size = 50382, upload-time = "2025-10-12T10:48:55.079Z" },
    { url = "https://files.pythonhosted.org/packages/d7/28/e411eb191ffff7bd712f2eb0f691cb7ca514b1876d6bff2f5ae61359b8db/rcssmin-1.2.2-cp314-cp314-musllinux_1_2_aarch64.whl", hash = "sha256:cdccb0e08281f0dd5d463c16ec61a06bd1534de50206dc72918be3c10dcb82e5", size = 50962, upload-time = "2025-10-12T10:48:56.494Z" },
    { url = "https://files.pythonhosted.org/packages/fb/3f/cdb99526d294c5dd4b919dc4ef492b7bd11e08b585d15ec641dfb9423493/rcssmin-1.2.2-cp314-cp314-musllinux_1_2_i686.whl", hash = "sha256:2b6d5e2e2fd65738d57ef65aaaed2cff2288eccff7f704bf3d579e6f451cb60a", size = 52504, upload-time = "2025-10-12T10:48:57.886Z" },
    { url = "https://files.pythonhosted.org/packages/e8/60/a8183401fa64e93e1d52b2cdf275a2c11e0993f5f3162c573a67872b535d/rcssmin-1.2.2-cp314-cp314-musllinux_1_2_x86_64.whl", hash = "sha256:7018d4197713c7797d1a67ed47ab53d4706c2e9ed134123c30a47d389dda5386", size = 50561, upload-time = "2025-10-12T10:48:58.935Z" },
    { url = "https://files.pythonhosted.org/packages/47/5e/496d6c9c309e2fe79e6a69f25f7a6d18f545edb4ea3584f461b9f84b0d60/rcssmin-1.2.2-cp314-cp314t-manylinux1_i686.whl", hash = "sha256:0162c32ce946978edc834d4fba705ac5f9422d7f556f3264cc4fc67c7ee39171", size = 51214, upload-time = "2025-10-12T10:49:00.021Z" },
    { url = "https://files.pythonhosted.org/packages/5e/78/87da6706d5856ceee71421ba831d2f5d93c3e6865acfbb56ace8d54587cc/rcssmin-1.2.2-cp314-cp314t-manylinux1_x86_64.whl", hash = "sha256:f17dc92553a46412c49f972f0ab31088032b9482a9c421bc2d39691a5d8842aa", size = 51608, upload-time = "2025-10-12T10:49:01.422Z" },
    { url = "https://files.pythonhosted.org/packages/cd/6c/204b0262c11ac2da2b8df2d8fed76f1959273fbc8376450d0ac022d754b7/rcssmin-1.2.2-cp314-cp314t-manylinux2014_aarch64.whl", hash = "sha256:40c7dfba098bbd129d8c35dd8b604275585f9dc0496e5d17dbe7fd6b873b0233", size = 53349, upload-time = "2025-10-12T10:49:02.512Z" },
    { url = "https://files.pythonhosted.org/packages/c3/7b/9aae16756d3f33cbc512760ba3e69c3856a51aa293e463f2ca97760d1b1b/rcssmin-1.2.2-cp314-cp314t-musllinux_1_2_aarch64.whl", hash = "sha256:d0197fab78ebbe33f5df9caf2572ef2d44bbe243a9130881a0c5c53ba03641fa", size = 53066, upload-time = "2025-10-12T10:49:03.589Z" },
    { url = "https://files.pythonhosted.org/packages/4e/18/b06fadfa9b85e486bb1571050217cb539c062d1ae4cd32b1a31c36f67fd4/rcssmin-1.2.2-cp314-cp314t-musllinux_1_2_i686.whl", hash = "sha256:19e53c58768369366fdaef00da59f275f724f229994ea885309df6ca368ff3c8", size = 54271, upload-time = "2025-10-12T10:49:04.735Z" },
    { url = "https://files.pythonhosted.org/packages/79/55/f29ce21f8e5a1f3c19d43b67b907268d227b7edcda2ca200ca0028734a5e/rcssmin-1.2.2-cp314-cp314t-musllinux_1_2_x86_64.whl", hash = "sha256:8d3de1a870e00d157f3a7b1797498fdc09a3774629079572350f75783bb94b9a", size = 52423, upload-time = "2025-10-12T10:49:06.04Z" },
]

[[package]]
name = "rjsmin"
version = "1.2.5"
source = { registry = "https://pypi.org/simple" }
sdist = { url = "https://files.pythonhosted.org/packages/59/16/14288d309d0f42c6586440c47bf6ec1a880218f698f30293fa3782db4008/rjsmin-1.2.5.tar.gz", hash = "sha256:a3f8040b0273dec773e0e807e86a4d0a9535516c0a0a35aa1bb6de6e15bb1f09", size = 427399, upload-time = "2025-10-12T10:50:27.422Z" }
wheels = [
    { url = "https://files.pythonhosted.org/packages/b8/ed/b472d5a3fd7d63c016893f7d438e677901fea28089b5d30cd1a115bcc887/rjsmin-1.2.5-cp314-cp314-manylinux1_i686.whl", hash = "sha256:7096357ed596fdfe0acb750f8cbfca338f3c845cc12def3861e23ed811589d15", size = 31983, upload-time = "2025-10-12T10:51:11.361Z" },
    { url = "https://files.pythonhosted.org/packages/9c/e8/e76fa527fde17fd08288e4efef25c0aba7979ed5740eeab7bdff507bdeba/rjsmin-1.2.5-cp314-cp314-manylinux1_x86_64.whl", hash = "sha256:4e80b05803749502995fe33b6f5fd589b51dc46e50d873baf0b515c8f6e7b668", size = 32002, upload-time = "2025-10-12T10:51:12.257Z" },
    { url = "https://files.pythonhosted.org/packages/87/6c/ee395ef8ee117ba2d158a23a9502bc4a706e02f63bfdf6d01b802ae6ee9a/rjsmin-1.2.5-cp314-cp314-manylinux2014_aarch64.whl", hash = "sha256:b6d0bc092acc3f54ea63ec1dcb808edaac5e956141d89fd0d038e80de5322052", size = 32435, upload-time = "2025-10-12T10:51:13.147Z" },
    { url = "https://files.pythonhosted.org/packages/1a/78/c157d33aa6148f0e8c57bb91a41969e1a4aab929f3bb0a8d9ff3b5e21556/rjsmin-1.2.5-cp314-cp314-musllinux_1_2_aarch64.whl", hash = "sha256:1e2943259be7beafdcb0847c2a901f223bf9044bdfa8105e1be1ad67d6c47795", size = 32877, upload-time = "2025-10-12T10:51:14.545Z" },
    { url = "https://files.pythonhosted.org/packages/e9/49/6252145bf85d87c815aaf441c5efdf1ce918db5ab6e915cf6d0d99ca3969/rjsmin-1.2.5-cp314-cp314-musllinux_1_2_i686.whl", hash = "sha256:e0387568c27fb49e55c1d0dfc27b54fc63d04b7756b1fed9743078130262907f", size = 32957, upload-time = "2025-10-12T10:51:15.964Z" },
    { url = "https://files.pythonhosted.org/packages/15/7e/c321c047b1a2fb7fa5ac818c37c1a15d348e1c12a1148de8ca5192a83b8f/rjsmin-1.2.5-cp314-cp314-musllinux_1_2_x86_64.whl", hash = "sha256:8196f1ecb0dff6c8647d4622e496869e94f1be92567ea2e941aa18d49a1a4347", size = 32456, upload-time = "2025-10-12T10:51:16.885Z" },
    { url = "https://files.pythonhosted.org/packages/5b/d7/2d190ce5ad10832df62edd4d9b1ae7092fd259ca58b39a1e202337f511a9/rjsmin-1.2.5-cp314-cp314t-manylinux1_i686.whl", hash = "sha256:9dd9f66568be9c8676278f140aa54102fab9af7feb59adf0c7a85bef49fe70df", size = 34115, upload-time = "2025-10-12T10:51:17.911Z" },
    { url = "https://files.pythonhosted.org/packages/76/ab/e7bcf261ede4cef7a0693927d7dcd1612bb59ba6c05191f58a92deec9f01/rjsmin-1.2.5-cp314-cp314t-manylinux1_x86_64.whl", hash = "sha256:5b8f72f7d96e5e1d30a33182cb39d4eb4516ddcd9b2f984813a9eefe66f8e180", size = 33977, upload-time = "2025-10-12T10:51:18.996Z" },
    { url = "https://files.pythonhosted.org/packages/a7/75/f1ff5f2199437b534204b40aa46c55c703489063cf7806c948a1a665575e/rjsmin-1.2.5-cp314-cp314t-manylinux2014_aarch64.whl", hash = "sha256:8c5906bd8830f616e992ad5e7277d0ea12c530110da188b2b9da23e9524a7cbc", size = 34604, upload-time = "2025-10-12T10:51:20.031Z" },
    { url = "https://files.pythonhosted.org/packages/d2/dc/acd463d88c56476cc683f1c6cce893c590007dccd390747e824b8e923d63/rjsmin-1.2.5-cp314-cp314t-musllinux_1_2_aarch64.whl", hash = "sha256:8207bac0d3bab7791fd667f0863b5f32e51047845179b94b28c716e6514a9234", size = 34775, upload-time = "2025-10-12T10:51:21.364Z" },
    { url = "https://files.pythonhosted.org/packages/ce/56/e6f61718d1c36e646aabe552ad1f8f77744a4c57524eaa782b5b44eba220/rjsmin-1.2.5-cp314-cp314t-musllinux_1_2_i686.whl", hash = "sha256:1e3ab93a51d7581ba0a3b6a383df2929b86d9d55f9516764678f9b4e409826e8", size = 34682, upload-time = "2025-10-12T10:51:22.755Z" },
    { url = "https://files.pythonhosted.org/packages/00/f3/37a4672ddb1307eb57d9b54ba89a48f483a04a63cac4e1471fdb4cba76e6/rjsmin-1.2.5-cp314-cp314t-musllinux_1_2_x86_64.whl", hash = "sha256:47dad1732a2c4779bdc76d5b3183fdf2ec27838f31071fa9dfcc79483d3480e2", size = 34161, upload-time = "2025-10-12T10:51:23.761Z" },
]

[[package]]
name = "watchdog"
version = "6.0.0"
source = { registry = "https://pypi.org/simple" }
sdist = { url = "https://files.pythonhosted.org/packages/db/7d/7f3d619e951c88ed75c6037b246ddcf2d322812ee8ea189be89511721d54/watchdog-6.0.0.tar.gz", hash = "sha256:9ddf7c82fda3ae8e24decda1338ede66e1c99883db93711d8fb941eaa2d8c282", size = 131220, upload-time = "2024-11-01T14:07:13.037Z" }
wheels = [
    { url = "https://files.pythonhosted.org/packages/a9/c7/ca4bf3e518cb57a686b2feb4f55a1892fd9a3dd13f470fca14e00f80ea36/watchdog-6.0.0-py3-none-manylinux2014_aarch64.whl", hash = "sha256:7607498efa04a3542ae3e05e64da8202e58159aa1fa4acddf7678d34a35d4f13", size = 79079, upload-time = "2024-11-01T14:06:59.472Z" },
    { url = "https://files.pythonhosted.org/packages/5c/51/d46dc9332f9a647593c947b4b88e2381c8dfc0942d15b8edc0310fa4abb1/watchdog-6.0.0-py3-none-manylinux2014_armv7l.whl", hash = "sha256:9041567ee8953024c83343288ccc458fd0a2d811d6a0fd68c4c22609e3490379", size = 79078, upload-time = "2024-11-01T14:07:01.431Z" },
    { url = "https://files.pythonhosted.org/packages/d4/57/04edbf5e169cd318d5f07b4766fee38e825d64b6913ca157ca32d1a42267/watchdog-6.0.0-py3-none-manylinux2014_i686.whl", hash = "sha256:82dc3e3143c7e38ec49d61af98d6558288c415eac98486a5c581726e0737c00e", size = 79076, upload-time = "2024-11-01T14:07:02.568Z" },
    { url = "https://files.pythonhosted.org/packages/ab/cc/da8422b300e13cb187d2203f20b9253e91058aaf7db65b74142013478e66/watchdog-6.0.0-py3-none-manylinux2014_ppc64.whl", hash = "sha256:212ac9b8bf1161dc91bd09c048048a95ca3a4c4f5e5d4a7d1b1a7d5752a7f96f", size = 79077, upload-time = "2024-11-01T14:07:03.893Z" },
    { url = "https://files.pythonhosted.org/packages/2c/3b/b8964e04ae1a025c44ba8e4291f86e97fac443bca31de8bd98d3263d2fcf/watchdog-6.0.0-py3-none-manylinux2014_ppc64le.whl", hash = "sha256:e3df4cbb9a450c6d49318f6d14f4bbc80d763fa587ba46ec86f99f9e6876bb26", size = 79078, upload-time = "2024-11-01T14:07:05.189Z" },
    { url = "https://files.pythonhosted.org/packages/62/ae/a696eb424bedff7407801c257d4b1afda455fe40821a2be430e173660e81/watchdog-6.0.0-py3-none-manylinux2014_s390x.whl", hash = "sha256:2cce7cfc2008eb51feb6aab51251fd79b85d9894e98ba847408f662b3395ca3c", size = 79077, upload-time = "2024-11-01T14:07:06.376Z" },
    { url = "https://files.pythonhosted.org/packages/b5/e8/dbf020b4d98251a9860752a094d09a65e1b436ad181faf929983f697048f/watchdog-6.0.0-py3-none-manylinux2014_x86_64.whl", hash = "sha256:20ffe5b202af80ab4266dcd3e91aae72bf2da48c0d33bdb15c66658e685e94e2", size = 79078, upload-time = "2024-11-01T14:07:07.547Z" },
    { url = "https://files.pythonhosted.org/packages/07/f6/d0e5b343768e8bcb4cda79f0f2f55051bf26177ecd5651f84c07567461cf/watchdog-6.0.0-py3-none-win32.whl", hash = "sha256:07df1fdd701c5d4c8e55ef6cf55b8f0120fe1aef7ef39a1c6fc6bc2e606d517a", size = 79065, upload-time = "2024-11-01T14:07:09.525Z" },
    { url = "https://files.pythonhosted.org/packages/db/d9/c495884c6e548fce18a8f40568ff120bc3a4b7b99813081c8ac0c936fa64/watchdog-6.0.0-py3-none-win_amd64.whl", hash = "sha256:cbafb470cf848d93b5d013e2ecb245d4aa1c8fd0504e863ccefa32445359d680", size = 79070, upload-time = "2024-11-01T14:07:10.686Z" },
    { url = "https://files.pythonhosted.org/packages/33/e8/e40370e6d74ddba47f002a32919d91310d6074130fe4e17dabcafc15cbf1/watchdog-6.0.0-py3-none-win_ia64.whl", hash = "sha256:a1914259fa9e1454315171103c6a30961236f508b9b623eae470268bbcc6a22f", size = 79067, upload-time = "2024-11-01T14:07:11.845Z" },
]
